
Microsoft Visual Studio Solution File, Format Version 10.00
# Visual Studio 2008
Project("{8BC9CEB8-8B4A-11D0-8D11-00A0C91BC942}") = "TransmiteFile", "TransmiteFile\TransmiteFile.vcproj", "{9DA31C6B-094B-4635-A994-3D77A78ED7AF}"
EndProject
Project("{8BC9CEB8-8B4A-11D0-8D11-00A0C91BC942}") = "RecvFile", "RecvFile\RecvFile.vcproj", "{B87D3541-F03A-4B0F-A71A-0BC2B5CE9A54}"
EndProject
Global
	GlobalSection(SolutionConfigurationPlatforms) = preSolution
		Debug|Win32 = Debug|Win32
		Release|Win32 = Release|Win32
	EndGlobalSection
	GlobalSection(ProjectConfigurationPlatforms) = postSolution
		{9DA31C6B-094B-4635-A994-3D77A78ED7AF}.Debug|Win32.ActiveCfg = Debug|Win32
		{9DA31C6B-094B-4635-A994-3D77A78ED7AF}.Debug|Win32.Build.0 = Debug|Win32
		{9DA31C6B-094B-4635-A994-3D77A78ED7AF}.Release|Win32.ActiveCfg = Release|Win32
		{9DA31C6B-094B-4635-A994-3D77A78ED7AF}.Release|Win32.Build.0 = Release|Win32
		{B87D3541-F03A-4B0F-A71A-0BC2B5CE9A54}.Debug|Win32.ActiveCfg = Debug|Win32
		{B87D3541-F03A-4B0F-A71A-0BC2B5CE9A54}.Debug|Win32.Build.0 = Debug|Win32
		{B87D3541-F03A-4B0F-A71A-0BC2B5CE9A54}.Release|Win32.ActiveCfg = Release|Win32
		{B87D3541-F03A-4B0F-A71A-0BC2B5CE9A54}.Release|Win32.Build.0 = Release|Win32
	EndGlobalSection
	GlobalSection(SolutionProperties) = preSolution
		HideSolutionNode = FALSE
	EndGlobalSection
EndGlobal
